// !$*UTF8*$!
{
	archiveVersion = 1;
	classes = {
	};
	objectVersion = 51;
	objects = {

/* Begin PBXBuildFile section */
		4B8C47775EB8756BA7EEAB73 /* Pods_RepositoryPatternRealm.framework in Frameworks */ = {isa = PBXBuildFile; fileRef = 173C5D9B3BB34F88550441CB /* Pods_RepositoryPatternRealm.framework */; };
		8CD1A309101595DEFD5D8BF1 /* Pods_RepositoryPatternRealmTests.framework in Frameworks */ = {isa = PBXBuildFile; fileRef = C1D94E179DC100CA52BAA3BC /* Pods_RepositoryPatternRealmTests.framework */; };
		C8030AF823106DBA00840087 /* Article.swift in Sources */ = {isa = PBXBuildFile; fileRef = C8030AF723106DBA00840087 /* Article.swift */; };
		C8030AFA23107C0800840087 /* RealmRepositoryTests.swift in Sources */ = {isa = PBXBuildFile; fileRef = C8030AF923107C0800840087 /* RealmRepositoryTests.swift */; };
		C81200B1231BC7DC0053E3E0 /* Model.xcdatamodeld in Sources */ = {isa = PBXBuildFile; fileRef = C81200AF231BC7DC0053E3E0 /* Model.xcdatamodeld */; };
		C81200B4231BC8790053E3E0 /* CDArticle+CoreDataProperties.swift in Sources */ = {isa = PBXBuildFile; fileRef = C81200B2231BC8790053E3E0 /* CDArticle+CoreDataProperties.swift */; };
		C81200B5231BC8790053E3E0 /* CDArticle+CoreDataClass.swift in Sources */ = {isa = PBXBuildFile; fileRef = C81200B3231BC8790053E3E0 /* CDArticle+CoreDataClass.swift */; };
		C8221206231B13A8006BD0DD /* CoreDataRepository.swift in Sources */ = {isa = PBXBuildFile; fileRef = C8221205231B13A8006BD0DD /* CoreDataRepository.swift */; };
		C8221208231B13C5006BD0DD /* CoreDataHelper.swift in Sources */ = {isa = PBXBuildFile; fileRef = C8221207231B13C5006BD0DD /* CoreDataHelper.swift */; };
		C8991F87230EBD9E0090D09D /* Repository.swift in Sources */ = {isa = PBXBuildFile; fileRef = C8991F86230EBD9E0090D09D /* Repository.swift */; };
		C8991F8B230EBED70090D09D /* AnyRepository.swift in Sources */ = {isa = PBXBuildFile; fileRef = C8991F8A230EBED70090D09D /* AnyRepository.swift */; };
		C8A81D83230EB2D6005BECC3 /* AppDelegate.swift in Sources */ = {isa = PBXBuildFile; fileRef = C8A81D82230EB2D6005BECC3 /* AppDelegate.swift */; };
		C8A81D85230EB2D6005BECC3 /* ViewController.swift in Sources */ = {isa = PBXBuildFile; fileRef = C8A81D84230EB2D6005BECC3 /* ViewController.swift */; };
		C8A81D88230EB2D6005BECC3 /* Main.storyboard in Resources */ = {isa = PBXBuildFile; fileRef = C8A81D86230EB2D6005BECC3 /* Main.storyboard */; };
		C8A81D8A230EB2D8005BECC3 /* Assets.xcassets in Resources */ = {isa = PBXBuildFile; fileRef = C8A81D89230EB2D8005BECC3 /* Assets.xcassets */; };
		C8A81D8D230EB2D8005BECC3 /* LaunchScreen.storyboard in Resources */ = {isa = PBXBuildFile; fileRef = C8A81D8B230EB2D8005BECC3 /* LaunchScreen.storyboard */; };
		C8C924E5231B0F09003F4583 /* StorableArticle.swift in Sources */ = {isa = PBXBuildFile; fileRef = C8C924E4231B0F08003F4583 /* StorableArticle.swift */; };
/* End PBXBuildFile section */

/* Begin PBXContainerItemProxy section */
		C8A81D94230EB2D8005BECC3 /* PBXContainerItemProxy */ = {
			isa = PBXContainerItemProxy;
			containerPortal = C8A81D77230EB2D6005BECC3 /* Project object */;
			proxyType = 1;
			remoteGlobalIDString = C8A81D7E230EB2D6005BECC3;
			remoteInfo = RepositoryPatternRealm;
		};
/* End PBXContainerItemProxy section */

/* Begin PBXFileReference section */
		0B04866BAE0A9032DAA5F1DE /* Pods-RepositoryPatternRealmTests.debug.xcconfig */ = {isa = PBXFileReference; includeInIndex = 1; lastKnownFileType = text.xcconfig; name = "Pods-RepositoryPatternRealmTests.debug.xcconfig"; path = "Target Support Files/Pods-RepositoryPatternRealmTests/Pods-RepositoryPatternRealmTests.debug.xcconfig"; sourceTree = "<group>"; };
		173C5D9B3BB34F88550441CB /* Pods_RepositoryPatternRealm.framework */ = {isa = PBXFileReference; explicitFileType = wrapper.framework; includeInIndex = 0; path = Pods_RepositoryPatternRealm.framework; sourceTree = BUILT_PRODUCTS_DIR; };
		88F05D467942E439B61EABC1 /* Pods-RepositoryPatternRealm.debug.xcconfig */ = {isa = PBXFileReference; includeInIndex = 1; lastKnownFileType = text.xcconfig; name = "Pods-RepositoryPatternRealm.debug.xcconfig"; path = "Target Support Files/Pods-RepositoryPatternRealm/Pods-RepositoryPatternRealm.debug.xcconfig"; sourceTree = "<group>"; };
		8E9BD65038827F2CEFBC07B8 /* Pods-RepositoryPatternRealm.release.xcconfig */ = {isa = PBXFileReference; includeInIndex = 1; lastKnownFileType = text.xcconfig; name = "Pods-RepositoryPatternRealm.release.xcconfig"; path = "Target Support Files/Pods-RepositoryPatternRealm/Pods-RepositoryPatternRealm.release.xcconfig"; sourceTree = "<group>"; };
		C1D94E179DC100CA52BAA3BC /* Pods_RepositoryPatternRealmTests.framework */ = {isa = PBXFileReference; explicitFileType = wrapper.framework; includeInIndex = 0; path = Pods_RepositoryPatternRealmTests.framework; sourceTree = BUILT_PRODUCTS_DIR; };
		C8030AF723106DBA00840087 /* Article.swift */ = {isa = PBXFileReference; lastKnownFileType = sourcecode.swift; path = Article.swift; sourceTree = "<group>"; };
		C8030AF923107C0800840087 /* RealmRepositoryTests.swift */ = {isa = PBXFileReference; lastKnownFileType = sourcecode.swift; name = RealmRepositoryTests.swift; path = Persistence/RealmRepositoryTests.swift; sourceTree = "<group>"; };
		C81200B0231BC7DC0053E3E0 /* Model.xcdatamodel */ = {isa = PBXFileReference; lastKnownFileType = wrapper.xcdatamodel; path = Model.xcdatamodel; sourceTree = "<group>"; };
		C81200B2231BC8790053E3E0 /* CDArticle+CoreDataProperties.swift */ = {isa = PBXFileReference; lastKnownFileType = sourcecode.swift; name = "CDArticle+CoreDataProperties.swift"; path = "/Users/kristijankralj/Documents/blog/repository-pattern-realm/RepositoryPatternRealm/Common/Persistence/CDArticle+CoreDataProperties.swift"; sourceTree = "<absolute>"; };
		C81200B3231BC8790053E3E0 /* CDArticle+CoreDataClass.swift */ = {isa = PBXFileReference; lastKnownFileType = sourcecode.swift; name = "CDArticle+CoreDataClass.swift"; path = "/Users/kristijankralj/Documents/blog/repository-pattern-realm/RepositoryPatternRealm/Common/Persistence/CDArticle+CoreDataClass.swift"; sourceTree = "<absolute>"; };
		C8221205231B13A8006BD0DD /* CoreDataRepository.swift */ = {isa = PBXFileReference; fileEncoding = 4; lastKnownFileType = sourcecode.swift; path = CoreDataRepository.swift; sourceTree = "<group>"; };
		C8221207231B13C5006BD0DD /* CoreDataHelper.swift */ = {isa = PBXFileReference; fileEncoding = 4; lastKnownFileType = sourcecode.swift; name = CoreDataHelper.swift; path = Persistence/CoreDataHelper.swift; sourceTree = "<group>"; };
		C8991F86230EBD9E0090D09D /* Repository.swift */ = {isa = PBXFileReference; lastKnownFileType = sourcecode.swift; path = Repository.swift; sourceTree = "<group>"; };
		C8991F8A230EBED70090D09D /* AnyRepository.swift */ = {isa = PBXFileReference; lastKnownFileType = sourcecode.swift; path = AnyRepository.swift; sourceTree = "<group>"; };
		C8A81D7F230EB2D6005BECC3 /* RepositoryPatternRealm.app */ = {isa = PBXFileReference; explicitFileType = wrapper.application; includeInIndex = 0; path = RepositoryPatternRealm.app; sourceTree = BUILT_PRODUCTS_DIR; };
		C8A81D82230EB2D6005BECC3 /* AppDelegate.swift */ = {isa = PBXFileReference; lastKnownFileType = sourcecode.swift; path = AppDelegate.swift; sourceTree = "<group>"; };
		C8A81D84230EB2D6005BECC3 /* ViewController.swift */ = {isa = PBXFileReference; lastKnownFileType = sourcecode.swift; path = ViewController.swift; sourceTree = "<group>"; };
		C8A81D87230EB2D6005BECC3 /* Base */ = {isa = PBXFileReference; lastKnownFileType = file.storyboard; name = Base; path = Base.lproj/Main.storyboard; sourceTree = "<group>"; };
		C8A81D89230EB2D8005BECC3 /* Assets.xcassets */ = {isa = PBXFileReference; lastKnownFileType = folder.assetcatalog; path = Assets.xcassets; sourceTree = "<group>"; };
		C8A81D8C230EB2D8005BECC3 /* Base */ = {isa = PBXFileReference; lastKnownFileType = file.storyboard; name = Base; path = Base.lproj/LaunchScreen.storyboard; sourceTree = "<group>"; };
		C8A81D8E230EB2D8005BECC3 /* Info.plist */ = {isa = PBXFileReference; lastKnownFileType = text.plist.xml; path = Info.plist; sourceTree = "<group>"; };
		C8A81D93230EB2D8005BECC3 /* RepositoryPatternRealmTests.xctest */ = {isa = PBXFileReference; explicitFileType = wrapper.cfbundle; includeInIndex = 0; path = RepositoryPatternRealmTests.xctest; sourceTree = BUILT_PRODUCTS_DIR; };
		C8A81D99230EB2D8005BECC3 /* Info.plist */ = {isa = PBXFileReference; lastKnownFileType = text.plist.xml; path = Info.plist; sourceTree = "<group>"; };
		C8C924E4231B0F08003F4583 /* StorableArticle.swift */ = {isa = PBXFileReference; lastKnownFileType = sourcecode.swift; path = StorableArticle.swift; sourceTree = "<group>"; };
		EAEC39C26D332F40876F6C10 /* Pods-RepositoryPatternRealmTests.release.xcconfig */ = {isa = PBXFileReference; includeInIndex = 1; lastKnownFileType = text.xcconfig; name = "Pods-RepositoryPatternRealmTests.release.xcconfig"; path = "Target Support Files/Pods-RepositoryPatternRealmTests/Pods-RepositoryPatternRealmTests.release.xcconfig"; sourceTree = "<group>"; };
/* End PBXFileReference section */

/* Begin PBXFrameworksBuildPhase section */
		C8A81D7C230EB2D6005BECC3 /* Frameworks */ = {
			isa = PBXFrameworksBuildPhase;
			buildActionMask = 2147483647;
			files = (
				4B8C47775EB8756BA7EEAB73 /* Pods_RepositoryPatternRealm.framework in Frameworks */,
			);
			runOnlyForDeploymentPostprocessing = 0;
		};
		C8A81D90230EB2D8005BECC3 /* Frameworks */ = {
			isa = PBXFrameworksBuildPhase;
			buildActionMask = 2147483647;
			files = (
				8CD1A309101595DEFD5D8BF1 /* Pods_RepositoryPatternRealmTests.framework in Frameworks */,
			);
			runOnlyForDeploymentPostprocessing = 0;
		};
/* End PBXFrameworksBuildPhase section */

/* Begin PBXGroup section */
		7CE802FED49FE1A4A8199103 /* Frameworks */ = {
			isa = PBXGroup;
			children = (
				173C5D9B3BB34F88550441CB /* Pods_RepositoryPatternRealm.framework */,
				C1D94E179DC100CA52BAA3BC /* Pods_RepositoryPatternRealmTests.framework */,
			);
			name = Frameworks;
			sourceTree = "<group>";
		};
		A516B21816B9F8B939430CA3 /* Pods */ = {
			isa = PBXGroup;
			children = (
				88F05D467942E439B61EABC1 /* Pods-RepositoryPatternRealm.debug.xcconfig */,
				8E9BD65038827F2CEFBC07B8 /* Pods-RepositoryPatternRealm.release.xcconfig */,
				0B04866BAE0A9032DAA5F1DE /* Pods-RepositoryPatternRealmTests.debug.xcconfig */,
				EAEC39C26D332F40876F6C10 /* Pods-RepositoryPatternRealmTests.release.xcconfig */,
			);
			path = Pods;
			sourceTree = "<group>";
		};
		C8030AF623106DA800840087 /* Models */ = {
			isa = PBXGroup;
			children = (
				C8030AF723106DBA00840087 /* Article.swift */,
			);
			path = Models;
			sourceTree = "<group>";
		};
		C8991F82230EBD2A0090D09D /* Application */ = {
			isa = PBXGroup;
			children = (
				C8A81D8E230EB2D8005BECC3 /* Info.plist */,
				C8A81D82230EB2D6005BECC3 /* AppDelegate.swift */,
			);
			path = Application;
			sourceTree = "<group>";
		};
		C8991F83230EBD4B0090D09D /* Common */ = {
			isa = PBXGroup;
			children = (
				C8991F84230EBD550090D09D /* Assets */,
				C8030AF623106DA800840087 /* Models */,
				C8991F85230EBD7A0090D09D /* Persistence */,
			);
			path = Common;
			sourceTree = "<group>";
		};
		C8991F84230EBD550090D09D /* Assets */ = {
			isa = PBXGroup;
			children = (
				C8A81D89230EB2D8005BECC3 /* Assets.xcassets */,
			);
			path = Assets;
			sourceTree = "<group>";
		};
		C8991F85230EBD7A0090D09D /* Persistence */ = {
			isa = PBXGroup;
			children = (
				C81200B3231BC8790053E3E0 /* CDArticle+CoreDataClass.swift */,
				C81200B2231BC8790053E3E0 /* CDArticle+CoreDataProperties.swift */,
				C8221205231B13A8006BD0DD /* CoreDataRepository.swift */,
				C8C924E4231B0F08003F4583 /* StorableArticle.swift */,
				C8991F86230EBD9E0090D09D /* Repository.swift */,
				C8991F8A230EBED70090D09D /* AnyRepository.swift */,
				C81200AF231BC7DC0053E3E0 /* Model.xcdatamodeld */,
			);
			path = Persistence;
			sourceTree = "<group>";
		};
		C8A81D76230EB2D6005BECC3 = {
			isa = PBXGroup;
			children = (
				C8A81D81230EB2D6005BECC3 /* RepositoryPatternRealm */,
				C8A81D96230EB2D8005BECC3 /* RepositoryPatternRealmTests */,
				C8A81D80230EB2D6005BECC3 /* Products */,
				A516B21816B9F8B939430CA3 /* Pods */,
				7CE802FED49FE1A4A8199103 /* Frameworks */,
			);
			sourceTree = "<group>";
		};
		C8A81D80230EB2D6005BECC3 /* Products */ = {
			isa = PBXGroup;
			children = (
				C8A81D7F230EB2D6005BECC3 /* RepositoryPatternRealm.app */,
				C8A81D93230EB2D8005BECC3 /* RepositoryPatternRealmTests.xctest */,
			);
			name = Products;
			sourceTree = "<group>";
		};
		C8A81D81230EB2D6005BECC3 /* RepositoryPatternRealm */ = {
			isa = PBXGroup;
			children = (
				C8991F83230EBD4B0090D09D /* Common */,
				C8991F82230EBD2A0090D09D /* Application */,
				C8A81D84230EB2D6005BECC3 /* ViewController.swift */,
				C8A81D86230EB2D6005BECC3 /* Main.storyboard */,
				C8A81D8B230EB2D8005BECC3 /* LaunchScreen.storyboard */,
			);
			path = RepositoryPatternRealm;
			sourceTree = "<group>";
		};
		C8A81D96230EB2D8005BECC3 /* RepositoryPatternRealmTests */ = {
			isa = PBXGroup;
			children = (
				C8A81D99230EB2D8005BECC3 /* Info.plist */,
				C8221207231B13C5006BD0DD /* CoreDataHelper.swift */,
				C8030AF923107C0800840087 /* RealmRepositoryTests.swift */,
			);
			path = RepositoryPatternRealmTests;
			sourceTree = "<group>";
		};
/* End PBXGroup section */

/* Begin PBXNativeTarget section */
		C8A81D7E230EB2D6005BECC3 /* RepositoryPatternRealm */ = {
			isa = PBXNativeTarget;
			buildConfigurationList = C8A81D9C230EB2D8005BECC3 /* Build configuration list for PBXNativeTarget "RepositoryPatternRealm" */;
			buildPhases = (
				584BDA8959F850321A504CB8 /* [CP] Check Pods Manifest.lock */,
				C8A81D7B230EB2D6005BECC3 /* Sources */,
				C8A81D7C230EB2D6005BECC3 /* Frameworks */,
				C8A81D7D230EB2D6005BECC3 /* Resources */,
				90EC86CF5FEF2D47FCB41644 /* [CP] Embed Pods Frameworks */,
			);
			buildRules = (
			);
			dependencies = (
			);
			name = RepositoryPatternRealm;
			productName = RepositoryPatternRealm;
			productReference = C8A81D7F230EB2D6005BECC3 /* RepositoryPatternRealm.app */;
			productType = "com.apple.product-type.application";
		};
		C8A81D92230EB2D8005BECC3 /* RepositoryPatternRealmTests */ = {
			isa = PBXNativeTarget;
			buildConfigurationList = C8A81D9F230EB2D8005BECC3 /* Build configuration list for PBXNativeTarget "RepositoryPatternRealmTests" */;
			buildPhases = (
				6C837BFD5952FA7281D7FBC6 /* [CP] Check Pods Manifest.lock */,
				C8A81D8F230EB2D8005BECC3 /* Sources */,
				C8A81D90230EB2D8005BECC3 /* Frameworks */,
				C8A81D91230EB2D8005BECC3 /* Resources */,
				A048F5FDE5C8BDBC74FED0AD /* [CP] Embed Pods Frameworks */,
			);
			buildRules = (
			);
			dependencies = (
				C8A81D95230EB2D8005BECC3 /* PBXTargetDependency */,
			);
			name = RepositoryPatternRealmTests;
			productName = RepositoryPatternRealmTests;
			productReference = C8A81D93230EB2D8005BECC3 /* RepositoryPatternRealmTests.xctest */;
			productType = "com.apple.product-type.bundle.unit-test";
		};
/* End PBXNativeTarget section */

/* Begin PBXProject section */
		C8A81D77230EB2D6005BECC3 /* Project object */ = {
			isa = PBXProject;
			attributes = {
				LastSwiftUpdateCheck = 1030;
				LastUpgradeCheck = 1030;
				ORGANIZATIONNAME = "Kristijan Kralj";
				TargetAttributes = {
					C8A81D7E230EB2D6005BECC3 = {
						CreatedOnToolsVersion = 10.3;
					};
					C8A81D92230EB2D8005BECC3 = {
						CreatedOnToolsVersion = 10.3;
						LastSwiftMigration = 1030;
						TestTargetID = C8A81D7E230EB2D6005BECC3;
					};
				};
			};
			buildConfigurationList = C8A81D7A230EB2D6005BECC3 /* Build configuration list for PBXProject "RepositoryPatternRealm" */;
			compatibilityVersion = "Xcode 9.3";
			developmentRegion = en;
			hasScannedForEncodings = 0;
			knownRegions = (
				en,
				Base,
			);
			mainGroup = C8A81D76230EB2D6005BECC3;
			productRefGroup = C8A81D80230EB2D6005BECC3 /* Products */;
			projectDirPath = "";
			projectRoot = "";
			targets = (
				C8A81D7E230EB2D6005BECC3 /* RepositoryPatternRealm */,
				C8A81D92230EB2D8005BECC3 /* RepositoryPatternRealmTests */,
			);
		};
/* End PBXProject section */

/* Begin PBXResourcesBuildPhase section */
		C8A81D7D230EB2D6005BECC3 /* Resources */ = {
			isa = PBXResourcesBuildPhase;
			buildActionMask = 2147483647;
			files = (
				C8A81D8D230EB2D8005BECC3 /* LaunchScreen.storyboard in Resources */,
				C8A81D8A230EB2D8005BECC3 /* Assets.xcassets in Resources */,
				C8A81D88230EB2D6005BECC3 /* Main.storyboard in Resources */,
			);
			runOnlyForDeploymentPostprocessing = 0;
		};
		C8A81D91230EB2D8005BECC3 /* Resources */ = {
			isa = PBXResourcesBuildPhase;
			buildActionMask = 2147483647;
			files = (
			);
			runOnlyForDeploymentPostprocessing = 0;
		};
/* End PBXResourcesBuildPhase section */

/* Begin PBXShellScriptBuildPhase section */
		584BDA8959F850321A504CB8 /* [CP] Check Pods Manifest.lock */ = {
			isa = PBXShellScriptBuildPhase;
			buildActionMask = 2147483647;
			files = (
			);
			inputFileListPaths = (
			);
			inputPaths = (
				"${PODS_PODFILE_DIR_PATH}/Podfile.lock",
				"${PODS_ROOT}/Manifest.lock",
			);
			name = "[CP] Check Pods Manifest.lock";
			outputFileListPaths = (
			);
			outputPaths = (
				"$(DERIVED_FILE_DIR)/Pods-RepositoryPatternRealm-checkManifestLockResult.txt",
			);
			runOnlyForDeploymentPostprocessing = 0;
			shellPath = /bin/sh;
			shellScript = "diff \"${PODS_PODFILE_DIR_PATH}/Podfile.lock\" \"${PODS_ROOT}/Manifest.lock\" > /dev/null\nif [ $? != 0 ] ; then\n    # print error to STDERR\n    echo \"error: The sandbox is not in sync with the Podfile.lock. Run 'pod install' or update your CocoaPods installation.\" >&2\n    exit 1\nfi\n# This output is used by Xcode 'outputs' to avoid re-running this script phase.\necho \"SUCCESS\" > \"${SCRIPT_OUTPUT_FILE_0}\"\n";
			showEnvVarsInLog = 0;
		};
		6C837BFD5952FA7281D7FBC6 /* [CP] Check Pods Manifest.lock */ = {
			isa = PBXShellScriptBuildPhase;
			buildActionMask = 2147483647;
			files = (
			);
			inputFileListPaths = (
			);
			inputPaths = (
				"${PODS_PODFILE_DIR_PATH}/Podfile.lock",
				"${PODS_ROOT}/Manifest.lock",
			);
			name = "[CP] Check Pods Manifest.lock";
			outputFileListPaths = (
			);
			outputPaths = (
				"$(DERIVED_FILE_DIR)/Pods-RepositoryPatternRealmTests-checkManifestLockResult.txt",
			);
			runOnlyForDeploymentPostprocessing = 0;
			shellPath = /bin/sh;
			shellScript = "diff \"${PODS_PODFILE_DIR_PATH}/Podfile.lock\" \"${PODS_ROOT}/Manifest.lock\" > /dev/null\nif [ $? != 0 ] ; then\n    # print error to STDERR\n    echo \"error: The sandbox is not in sync with the Podfile.lock. Run 'pod install' or update your CocoaPods installation.\" >&2\n    exit 1\nfi\n# This output is used by Xcode 'outputs' to avoid re-running this script phase.\necho \"SUCCESS\" > \"${SCRIPT_OUTPUT_FILE_0}\"\n";
			showEnvVarsInLog = 0;
		};
		90EC86CF5FEF2D47FCB41644 /* [CP] Embed Pods Frameworks */ = {
			isa = PBXShellScriptBuildPhase;
			buildActionMask = 2147483647;
			files = (
			);
			inputFileListPaths = (
				"${PODS_ROOT}/Target Support Files/Pods-RepositoryPatternRealm/Pods-RepositoryPatternRealm-frameworks-${CONFIGURATION}-input-files.xcfilelist",
			);
			name = "[CP] Embed Pods Frameworks";
			outputFileListPaths = (
				"${PODS_ROOT}/Target Support Files/Pods-RepositoryPatternRealm/Pods-RepositoryPatternRealm-frameworks-${CONFIGURATION}-output-files.xcfilelist",
			);
			runOnlyForDeploymentPostprocessing = 0;
			shellPath = /bin/sh;
			shellScript = "\"${PODS_ROOT}/Target Support Files/Pods-RepositoryPatternRealm/Pods-RepositoryPatternRealm-frameworks.sh\"\n";
			showEnvVarsInLog = 0;
		};
		A048F5FDE5C8BDBC74FED0AD /* [CP] Embed Pods Frameworks */ = {
			isa = PBXShellScriptBuildPhase;
			buildActionMask = 2147483647;
			files = (
			);
			inputFileListPaths = (
				"${PODS_ROOT}/Target Support Files/Pods-RepositoryPatternRealmTests/Pods-RepositoryPatternRealmTests-frameworks-${CONFIGURATION}-input-files.xcfilelist",
			);
			name = "[CP] Embed Pods Frameworks";
			outputFileListPaths = (
				"${PODS_ROOT}/Target Support Files/Pods-RepositoryPatternRealmTests/Pods-RepositoryPatternRealmTests-frameworks-${CONFIGURATION}-output-files.xcfilelist",
			);
			runOnlyForDeploymentPostprocessing = 0;
			shellPath = /bin/sh;
			shellScript = "\"${PODS_ROOT}/Target Support Files/Pods-RepositoryPatternRealmTests/Pods-RepositoryPatternRealmTests-frameworks.sh\"\n";
			showEnvVarsInLog = 0;
		};
/* End PBXShellScriptBuildPhase section */

/* Begin PBXSourcesBuildPhase section */
		C8A81D7B230EB2D6005BECC3 /* Sources */ = {
			isa = PBXSourcesBuildPhase;
			buildActionMask = 2147483647;
			files = (
				C8991F8B230EBED70090D09D /* AnyRepository.swift in Sources */,
				C8A81D85230EB2D6005BECC3 /* ViewController.swift in Sources */,
				C81200B4231BC8790053E3E0 /* CDArticle+CoreDataProperties.swift in Sources */,
				C8A81D83230EB2D6005BECC3 /* AppDelegate.swift in Sources */,
				C81200B1231BC7DC0053E3E0 /* Model.xcdatamodeld in Sources */,
				C81200B5231BC8790053E3E0 /* CDArticle+CoreDataClass.swift in Sources */,
				C8991F87230EBD9E0090D09D /* Repository.swift in Sources */,
				C8C924E5231B0F09003F4583 /* StorableArticle.swift in Sources */,
				C8030AF823106DBA00840087 /* Article.swift in Sources */,
				C8221206231B13A8006BD0DD /* CoreDataRepository.swift in Sources */,
			);
			runOnlyForDeploymentPostprocessing = 0;
		};
		C8A81D8F230EB2D8005BECC3 /* Sources */ = {
			isa = PBXSourcesBuildPhase;
			buildActionMask = 2147483647;
			files = (
				C8221208231B13C5006BD0DD /* CoreDataHelper.swift in Sources */,
				C8030AFA23107C0800840087 /* RealmRepositoryTests.swift in Sources */,
			);
			runOnlyForDeploymentPostprocessing = 0;
		};
/* End PBXSourcesBuildPhase section */

/* Begin PBXTargetDependency section */
		C8A81D95230EB2D8005BECC3 /* PBXTargetDependency */ = {
			isa = PBXTargetDependency;
			target = C8A81D7E230EB2D6005BECC3 /* RepositoryPatternRealm */;
			targetProxy = C8A81D94230EB2D8005BECC3 /* PBXContainerItemProxy */;
		};
/* End PBXTargetDependency section */

/* Begin PBXVariantGroup section */
		C8A81D86230EB2D6005BECC3 /* Main.storyboard */ = {
			isa = PBXVariantGroup;
			children = (
				C8A81D87230EB2D6005BECC3 /* Base */,
			);
			name = Main.storyboard;
			sourceTree = "<group>";
		};
		C8A81D8B230EB2D8005BECC3 /* LaunchScreen.storyboard */ = {
			isa = PBXVariantGroup;
			children = (
				C8A81D8C230EB2D8005BECC3 /* Base */,
			);
			name = LaunchScreen.storyboard;
			sourceTree = "<group>";
		};
/* End PBXVariantGroup section */

/* Begin XCBuildConfiguration section */
		C8A81D9A230EB2D8005BECC3 /* Debug */ = {
			isa = XCBuildConfiguration;
			buildSettings = {
				ALWAYS_SEARCH_USER_PATHS = NO;
				CLANG_ANALYZER_NONNULL = YES;
				CLANG_ANALYZER_NUMBER_OBJECT_CONVERSION = YES_AGGRESSIVE;
				CLANG_CXX_LANGUAGE_STANDARD = "gnu++14";
				CLANG_CXX_LIBRARY = "libc++";
				CLANG_ENABLE_MODULES = YES;
				CLANG_ENABLE_OBJC_ARC = YES;
				CLANG_ENABLE_OBJC_WEAK = YES;
				CLANG_WARN_BLOCK_CAPTURE_AUTORELEASING = YES;
				CLANG_WARN_BOOL_CONVERSION = YES;
				CLANG_WARN_COMMA = YES;
				CLANG_WARN_CONSTANT_CONVERSION = YES;
				CLANG_WARN_DEPRECATED_OBJC_IMPLEMENTATIONS = YES;
				CLANG_WARN_DIRECT_OBJC_ISA_USAGE = YES_ERROR;
				CLANG_WARN_DOCUMENTATION_COMMENTS = YES;
				CLANG_WARN_EMPTY_BODY = YES;
				CLANG_WARN_ENUM_CONVERSION = YES;
				CLANG_WARN_INFINITE_RECURSION = YES;
				CLANG_WARN_INT_CONVERSION = YES;
				CLANG_WARN_NON_LITERAL_NULL_CONVERSION = YES;
				CLANG_WARN_OBJC_IMPLICIT_RETAIN_SELF = YES;
				CLANG_WARN_OBJC_LITERAL_CONVERSION = YES;
				CLANG_WARN_OBJC_ROOT_CLASS = YES_ERROR;
				CLANG_WARN_RANGE_LOOP_ANALYSIS = YES;
				CLANG_WARN_STRICT_PROTOTYPES = YES;
				CLANG_WARN_SUSPICIOUS_MOVE = YES;
				CLANG_WARN_UNGUARDED_AVAILABILITY = YES_AGGRESSIVE;
				CLANG_WARN_UNREACHABLE_CODE = YES;
				CLANG_WARN__DUPLICATE_METHOD_MATCH = YES;
				CODE_SIGN_IDENTITY = "iPhone Developer";
				COPY_PHASE_STRIP = NO;
				DEBUG_INFORMATION_FORMAT = dwarf;
				ENABLE_STRICT_OBJC_MSGSEND = YES;
				ENABLE_TESTABILITY = YES;
				GCC_C_LANGUAGE_STANDARD = gnu11;
				GCC_DYNAMIC_NO_PIC = NO;
				GCC_NO_COMMON_BLOCKS = YES;
				GCC_OPTIMIZATION_LEVEL = 0;
				GCC_PREPROCESSOR_DEFINITIONS = (
					"DEBUG=1",
					"$(inherited)",
				);
				GCC_WARN_64_TO_32_BIT_CONVERSION = YES;
				GCC_WARN_ABOUT_RETURN_TYPE = YES_ERROR;
				GCC_WARN_UNDECLARED_SELECTOR = YES;
				GCC_WARN_UNINITIALIZED_AUTOS = YES_AGGRESSIVE;
				GCC_WARN_UNUSED_FUNCTION = YES;
				GCC_WARN_UNUSED_VARIABLE = YES;
				IPHONEOS_DEPLOYMENT_TARGET = 12.4;
				MTL_ENABLE_DEBUG_INFO = INCLUDE_SOURCE;
				MTL_FAST_MATH = YES;
				ONLY_ACTIVE_ARCH = YES;
				SDKROOT = iphoneos;
				SWIFT_ACTIVE_COMPILATION_CONDITIONS = DEBUG;
				SWIFT_OPTIMIZATION_LEVEL = "-Onone";
			};
			name = Debug;
		};
		C8A81D9B230EB2D8005BECC3 /* Release */ = {
			isa = XCBuildConfiguration;
			buildSettings = {
				ALWAYS_SEARCH_USER_PATHS = NO;
				CLANG_ANALYZER_NONNULL = YES;
				CLANG_ANALYZER_NUMBER_OBJECT_CONVERSION = YES_AGGRESSIVE;
				CLANG_CXX_LANGUAGE_STANDARD = "gnu++14";
				CLANG_CXX_LIBRARY = "libc++";
				CLANG_ENABLE_MODULES = YES;
				CLANG_ENABLE_OBJC_ARC = YES;
				CLANG_ENABLE_OBJC_WEAK = YES;
				CLANG_WARN_BLOCK_CAPTURE_AUTORELEASING = YES;
				CLANG_WARN_BOOL_CONVERSION = YES;
				CLANG_WARN_COMMA = YES;
				CLANG_WARN_CONSTANT_CONVERSION = YES;
				CLANG_WARN_DEPRECATED_OBJC_IMPLEMENTATIONS = YES;
				CLANG_WARN_DIRECT_OBJC_ISA_USAGE = YES_ERROR;
				CLANG_WARN_DOCUMENTATION_COMMENTS = YES;
				CLANG_WARN_EMPTY_BODY = YES;
				CLANG_WARN_ENUM_CONVERSION = YES;
				CLANG_WARN_INFINITE_RECURSION = YES;
				CLANG_WARN_INT_CONVERSION = YES;
				CLANG_WARN_NON_LITERAL_NULL_CONVERSION = YES;
				CLANG_WARN_OBJC_IMPLICIT_RETAIN_SELF = YES;
				CLANG_WARN_OBJC_LITERAL_CONVERSION = YES;
				CLANG_WARN_OBJC_ROOT_CLASS = YES_ERROR;
				CLANG_WARN_RANGE_LOOP_ANALYSIS = YES;
				CLANG_WARN_STRICT_PROTOTYPES = YES;
				CLANG_WARN_SUSPICIOUS_MOVE = YES;
				CLANG_WARN_UNGUARDED_AVAILABILITY = YES_AGGRESSIVE;
				CLANG_WARN_UNREACHABLE_CODE = YES;
				CLANG_WARN__DUPLICATE_METHOD_MATCH = YES;
				CODE_SIGN_IDENTITY = "iPhone Developer";
				COPY_PHASE_STRIP = NO;
				DEBUG_INFORMATION_FORMAT = "dwarf-with-dsym";
				ENABLE_NS_ASSERTIONS = NO;
				ENABLE_STRICT_OBJC_MSGSEND = YES;
				GCC_C_LANGUAGE_STANDARD = gnu11;
				GCC_NO_COMMON_BLOCKS = YES;
				GCC_WARN_64_TO_32_BIT_CONVERSION = YES;
				GCC_WARN_ABOUT_RETURN_TYPE = YES_ERROR;
				GCC_WARN_UNDECLARED_SELECTOR = YES;
				GCC_WARN_UNINITIALIZED_AUTOS = YES_AGGRESSIVE;
				GCC_WARN_UNUSED_FUNCTION = YES;
				GCC_WARN_UNUSED_VARIABLE = YES;
				IPHONEOS_DEPLOYMENT_TARGET = 12.4;
				MTL_ENABLE_DEBUG_INFO = NO;
				MTL_FAST_MATH = YES;
				SDKROOT = iphoneos;
				SWIFT_COMPILATION_MODE = wholemodule;
				SWIFT_OPTIMIZATION_LEVEL = "-O";
				VALIDATE_PRODUCT = YES;
			};
			name = Release;
		};
		C8A81D9D230EB2D8005BECC3 /* Debug */ = {
			isa = XCBuildConfiguration;
			baseConfigurationReference = 88F05D467942E439B61EABC1 /* Pods-RepositoryPatternRealm.debug.xcconfig */;
			buildSettings = {
				ASSETCATALOG_COMPILER_APPICON_NAME = AppIcon;
				CODE_SIGN_STYLE = Automatic;
				DEVELOPMENT_TEAM = "";
				INFOPLIST_FILE = "$(SRCROOT)/RepositoryPatternRealm/Application/Info.plist";
				LD_RUNPATH_SEARCH_PATHS = (
					"$(inherited)",
					"@executable_path/Frameworks",
				);
				PRODUCT_BUNDLE_IDENTIFIER = com.kristijankralj.RepositoryPatternRealm;
				PRODUCT_NAME = "$(TARGET_NAME)";
				SWIFT_VERSION = 5.0;
				TARGETED_DEVICE_FAMILY = "1,2";
			};
			name = Debug;
		};
		C8A81D9E230EB2D8005BECC3 /* Release */ = {
			isa = XCBuildConfiguration;
			baseConfigurationReference = 8E9BD65038827F2CEFBC07B8 /* Pods-RepositoryPatternRealm.release.xcconfig */;
			buildSettings = {
				ASSETCATALOG_COMPILER_APPICON_NAME = AppIcon;
				CODE_SIGN_STYLE = Automatic;
				DEVELOPMENT_TEAM = "";
				INFOPLIST_FILE = "$(SRCROOT)/RepositoryPatternRealm/Application/Info.plist";
				LD_RUNPATH_SEARCH_PATHS = (
					"$(inherited)",
					"@executable_path/Frameworks",
				);
				PRODUCT_BUNDLE_IDENTIFIER = com.kristijankralj.RepositoryPatternRealm;
				PRODUCT_NAME = "$(TARGET_NAME)";
				SWIFT_VERSION = 5.0;
				TARGETED_DEVICE_FAMILY = "1,2";
			};
			name = Release;
		};
		C8A81DA0230EB2D8005BECC3 /* Debug */ = {
			isa = XCBuildConfiguration;
			baseConfigurationReference = 0B04866BAE0A9032DAA5F1DE /* Pods-RepositoryPatternRealmTests.debug.xcconfig */;
			buildSettings = {
				ALWAYS_EMBED_SWIFT_STANDARD_LIBRARIES = YES;
				BUNDLE_LOADER = "$(TEST_HOST)";
				CLANG_ENABLE_MODULES = YES;
				CODE_SIGN_STYLE = Automatic;
				DEVELOPMENT_TEAM = MEEH8E5U85;
				INFOPLIST_FILE = RepositoryPatternRealmTests/Info.plist;
				LD_RUNPATH_SEARCH_PATHS = (
					"$(inherited)",
					"@executable_path/Frameworks",
					"@loader_path/Frameworks",
				);
				PRODUCT_BUNDLE_IDENTIFIER = com.kristijankralj.RepositoryPatternRealmTests;
				PRODUCT_NAME = "$(TARGET_NAME)";
				SWIFT_OPTIMIZATION_LEVEL = "-Onone";
				SWIFT_VERSION = 5.0;
				TARGETED_DEVICE_FAMILY = "1,2";
				TEST_HOST = "$(BUILT_PRODUCTS_DIR)/RepositoryPatternRealm.app/RepositoryPatternRealm";
			};
			name = Debug;
		};
		C8A81DA1230EB2D8005BECC3 /* Release */ = {
			isa = XCBuildConfiguration;
			baseConfigurationReference = EAEC39C26D332F40876F6C10 /* Pods-RepositoryPatternRealmTests.release.xcconfig */;
			buildSettings = {
				ALWAYS_EMBED_SWIFT_STANDARD_LIBRARIES = YES;
				BUNDLE_LOADER = "$(TEST_HOST)";
				CLANG_ENABLE_MODULES = YES;
				CODE_SIGN_STYLE = Automatic;
				DEVELOPMENT_TEAM = MEEH8E5U85;
				INFOPLIST_FILE = RepositoryPatternRealmTests/Info.plist;
				LD_RUNPATH_SEARCH_PATHS = (
					"$(inherited)",
					"@executable_path/Frameworks",
					"@loader_path/Frameworks",
				);
				PRODUCT_BUNDLE_IDENTIFIER = com.kristijankralj.RepositoryPatternRealmTests;
				PRODUCT_NAME = "$(TARGET_NAME)";
				SWIFT_VERSION = 5.0;
				TARGETED_DEVICE_FAMILY = "1,2";
				TEST_HOST = "$(BUILT_PRODUCTS_DIR)/RepositoryPatternRealm.app/RepositoryPatternRealm";
			};
			name = Release;
		};
/* End XCBuildConfiguration section */

/* Begin XCConfigurationList section */
		C8A81D7A230EB2D6005BECC3 /* Build configuration list for PBXProject "RepositoryPatternRealm" */ = {
			isa = XCConfigurationList;
			buildConfigurations = (
				C8A81D9A230EB2D8005BECC3 /* Debug */,
				C8A81D9B230EB2D8005BECC3 /* Release */,
			);
			defaultConfigurationIsVisible = 0;
			defaultConfigurationName = Release;
		};
		C8A81D9C230EB2D8005BECC3 /* Build configuration list for PBXNativeTarget "RepositoryPatternRealm" */ = {
			isa = XCConfigurationList;
			buildConfigurations = (
				C8A81D9D230EB2D8005BECC3 /* Debug */,
				C8A81D9E230EB2D8005BECC3 /* Release */,
			);
			defaultConfigurationIsVisible = 0;
			defaultConfigurationName = Release;
		};
		C8A81D9F230EB2D8005BECC3 /* Build configuration list for PBXNativeTarget "RepositoryPatternRealmTests" */ = {
			isa = XCConfigurationList;
			buildConfigurations = (
				C8A81DA0230EB2D8005BECC3 /* Debug */,
				C8A81DA1230EB2D8005BECC3 /* Release */,
			);
			defaultConfigurationIsVisible = 0;
			defaultConfigurationName = Release;
		};
/* End XCConfigurationList section */

/* Begin XCVersionGroup section */
		C81200AF231BC7DC0053E3E0 /* Model.xcdatamodeld */ = {
			isa = XCVersionGroup;
			children = (
				C81200B0231BC7DC0053E3E0 /* Model.xcdatamodel */,
			);
			currentVersion = C81200B0231BC7DC0053E3E0 /* Model.xcdatamodel */;
			path = Model.xcdatamodeld;
			sourceTree = "<group>";
			versionGroupType = wrapper.xcdatamodel;
		};
/* End XCVersionGroup section */
	};
	rootObject = C8A81D77230EB2D6005BECC3 /* Project object */;
}
